// !$*UTF8*$!
{
	archiveVersion = 1;
	classes = {
	};
	objectVersion = 55;
	objects = {

/* Begin PBXBuildFile section */
		053835F827AE2FAD0003ED70 /* BaseNavigationController.swift in Sources */ = {isa = PBXBuildFile; fileRef = 053835F727AE2FAD0003ED70 /* BaseNavigationController.swift */; };
		053835FB27AEF12B0003ED70 /* HomeViewModel.swift in Sources */ = {isa = PBXBuildFile; fileRef = 053835FA27AEF12B0003ED70 /* HomeViewModel.swift */; };
		053835FD27B019050003ED70 /* Date+.swift in Sources */ = {isa = PBXBuildFile; fileRef = 053835FC27B019050003ED70 /* Date+.swift */; };
		0538360127B082490003ED70 /* ValueInAccount.storyboard in Resources */ = {isa = PBXBuildFile; fileRef = 0538360027B082490003ED70 /* ValueInAccount.storyboard */; };
		0538360527B0828C0003ED70 /* ValueInAccountViewController.swift in Sources */ = {isa = PBXBuildFile; fileRef = 0538360427B0828C0003ED70 /* ValueInAccountViewController.swift */; };
		0538360727B0835A0003ED70 /* ValueInAccountViewModel.swift in Sources */ = {isa = PBXBuildFile; fileRef = 0538360627B0835A0003ED70 /* ValueInAccountViewModel.swift */; };
		0538360927B083F60003ED70 /* ValueInAccountCoordinator.swift in Sources */ = {isa = PBXBuildFile; fileRef = 0538360827B083F60003ED70 /* ValueInAccountCoordinator.swift */; };
		0538360B27B084820003ED70 /* HomeCoordinator.swift in Sources */ = {isa = PBXBuildFile; fileRef = 0538360A27B084820003ED70 /* HomeCoordinator.swift */; };
		05A2838F27AB4234000BDC58 /* AppDelegate.swift in Sources */ = {isa = PBXBuildFile; fileRef = 05A2838E27AB4234000BDC58 /* AppDelegate.swift */; };
		05A2839827AB4237000BDC58 /* Assets.xcassets in Resources */ = {isa = PBXBuildFile; fileRef = 05A2839727AB4237000BDC58 /* Assets.xcassets */; };
		05A2839B27AB4237000BDC58 /* LaunchScreen.storyboard in Resources */ = {isa = PBXBuildFile; fileRef = 05A2839927AB4237000BDC58 /* LaunchScreen.storyboard */; };
		05A283A727AB42B2000BDC58 /* OnboardSalary.storyboard in Resources */ = {isa = PBXBuildFile; fileRef = 05A283A627AB42B2000BDC58 /* OnboardSalary.storyboard */; };
		05A283A927AB4649000BDC58 /* OnboardSalaryViewController.swift in Sources */ = {isa = PBXBuildFile; fileRef = 05A283A827AB4649000BDC58 /* OnboardSalaryViewController.swift */; };
		05A283AC27AB497C000BDC58 /* UserDefaultsManager.swift in Sources */ = {isa = PBXBuildFile; fileRef = 05A283AB27AB497C000BDC58 /* UserDefaultsManager.swift */; };
		05A283AF27AB4D11000BDC58 /* String+.swift in Sources */ = {isa = PBXBuildFile; fileRef = 05A283AE27AB4D11000BDC58 /* String+.swift */; };
		05A283B127AB4D97000BDC58 /* UINavigationController+.swift in Sources */ = {isa = PBXBuildFile; fileRef = 05A283B027AB4D97000BDC58 /* UINavigationController+.swift */; };
		05A283B427AB4DCD000BDC58 /* BaseViewController.swift in Sources */ = {isa = PBXBuildFile; fileRef = 05A283B327AB4DCD000BDC58 /* BaseViewController.swift */; };
		05A283B627AB4E10000BDC58 /* LoadingView.swift in Sources */ = {isa = PBXBuildFile; fileRef = 05A283B527AB4E10000BDC58 /* LoadingView.swift */; };
		05A283BF27AB5020000BDC58 /* OnboardSalaryViewModel.swift in Sources */ = {isa = PBXBuildFile; fileRef = 05A283BE27AB5020000BDC58 /* OnboardSalaryViewModel.swift */; };
		05A283C227AB520E000BDC58 /* UserDefaultsKey.swift in Sources */ = {isa = PBXBuildFile; fileRef = 05A283C127AB520E000BDC58 /* UserDefaultsKey.swift */; };
		05A283C727AB5E37000BDC58 /* Home.storyboard in Resources */ = {isa = PBXBuildFile; fileRef = 05A283C627AB5E37000BDC58 /* Home.storyboard */; };
		05A283C927AB5E5B000BDC58 /* HomeViewController.swift in Sources */ = {isa = PBXBuildFile; fileRef = 05A283C827AB5E5B000BDC58 /* HomeViewController.swift */; };
		05A283CE27AB6D46000BDC58 /* BaseCoordinator.swift in Sources */ = {isa = PBXBuildFile; fileRef = 05A283CD27AB6D46000BDC58 /* BaseCoordinator.swift */; };
		05A283D027AB7273000BDC58 /* DoubtModel.swift in Sources */ = {isa = PBXBuildFile; fileRef = 05A283CF27AB7273000BDC58 /* DoubtModel.swift */; };
		05A283D227AB72C2000BDC58 /* DoubtCategoryModel.swift in Sources */ = {isa = PBXBuildFile; fileRef = 05A283D127AB72C2000BDC58 /* DoubtCategoryModel.swift */; };
		05A283D427AB7361000BDC58 /* CredidCardModel.swift in Sources */ = {isa = PBXBuildFile; fileRef = 05A283D327AB7361000BDC58 /* CredidCardModel.swift */; };
		05A283DC27AB7487000BDC58 /* CreditCardList.storyboard in Resources */ = {isa = PBXBuildFile; fileRef = 05A283DB27AB7487000BDC58 /* CreditCardList.storyboard */; };
		05A283DE27AB74B0000BDC58 /* RegisterCreditCard.storyboard in Resources */ = {isa = PBXBuildFile; fileRef = 05A283DD27AB74B0000BDC58 /* RegisterCreditCard.storyboard */; };
		05A283E027AB74BE000BDC58 /* RegisterCreditCardViewController.swift in Sources */ = {isa = PBXBuildFile; fileRef = 05A283DF27AB74BE000BDC58 /* RegisterCreditCardViewController.swift */; };
		05A283E227AB793C000BDC58 /* RegisterCreditCardCoordinator.swift in Sources */ = {isa = PBXBuildFile; fileRef = 05A283E127AB793C000BDC58 /* RegisterCreditCardCoordinator.swift */; };
		05A283E527AB7E19000BDC58 /* RegisterCreditCardViewModel.swift in Sources */ = {isa = PBXBuildFile; fileRef = 05A283E427AB7E19000BDC58 /* RegisterCreditCardViewModel.swift */; };
		05CDD0D527ADEF76006FD03D /* SalaryModel.swift in Sources */ = {isa = PBXBuildFile; fileRef = 05CDD0D427ADEF76006FD03D /* SalaryModel.swift */; };
/* End PBXBuildFile section */

/* Begin PBXFileReference section */
		053835F727AE2FAD0003ED70 /* BaseNavigationController.swift */ = {isa = PBXFileReference; lastKnownFileType = sourcecode.swift; path = BaseNavigationController.swift; sourceTree = "<group>"; };
		053835FA27AEF12B0003ED70 /* HomeViewModel.swift */ = {isa = PBXFileReference; lastKnownFileType = sourcecode.swift; path = HomeViewModel.swift; sourceTree = "<group>"; };
		053835FC27B019050003ED70 /* Date+.swift */ = {isa = PBXFileReference; lastKnownFileType = sourcecode.swift; path = "Date+.swift"; sourceTree = "<group>"; };
		0538360027B082490003ED70 /* ValueInAccount.storyboard */ = {isa = PBXFileReference; lastKnownFileType = file.storyboard; path = ValueInAccount.storyboard; sourceTree = "<group>"; };
		0538360427B0828C0003ED70 /* ValueInAccountViewController.swift */ = {isa = PBXFileReference; lastKnownFileType = sourcecode.swift; path = ValueInAccountViewController.swift; sourceTree = "<group>"; };
		0538360627B0835A0003ED70 /* ValueInAccountViewModel.swift */ = {isa = PBXFileReference; lastKnownFileType = sourcecode.swift; path = ValueInAccountViewModel.swift; sourceTree = "<group>"; };
		0538360827B083F60003ED70 /* ValueInAccountCoordinator.swift */ = {isa = PBXFileReference; lastKnownFileType = sourcecode.swift; path = ValueInAccountCoordinator.swift; sourceTree = "<group>"; };
		0538360A27B084820003ED70 /* HomeCoordinator.swift */ = {isa = PBXFileReference; lastKnownFileType = sourcecode.swift; path = HomeCoordinator.swift; sourceTree = "<group>"; };
		05A2838B27AB4234000BDC58 /* SeguraGrana.app */ = {isa = PBXFileReference; explicitFileType = wrapper.application; includeInIndex = 0; path = SeguraGrana.app; sourceTree = BUILT_PRODUCTS_DIR; };
		05A2838E27AB4234000BDC58 /* AppDelegate.swift */ = {isa = PBXFileReference; lastKnownFileType = sourcecode.swift; path = AppDelegate.swift; sourceTree = "<group>"; };
		05A2839727AB4237000BDC58 /* Assets.xcassets */ = {isa = PBXFileReference; lastKnownFileType = folder.assetcatalog; path = Assets.xcassets; sourceTree = "<group>"; };
		05A2839A27AB4237000BDC58 /* Base */ = {isa = PBXFileReference; lastKnownFileType = file.storyboard; name = Base; path = Base.lproj/LaunchScreen.storyboard; sourceTree = "<group>"; };
		05A2839C27AB4237000BDC58 /* Info.plist */ = {isa = PBXFileReference; lastKnownFileType = text.plist.xml; path = Info.plist; sourceTree = "<group>"; };
		05A283A627AB42B2000BDC58 /* OnboardSalary.storyboard */ = {isa = PBXFileReference; lastKnownFileType = file.storyboard; path = OnboardSalary.storyboard; sourceTree = "<group>"; };
		05A283A827AB4649000BDC58 /* OnboardSalaryViewController.swift */ = {isa = PBXFileReference; lastKnownFileType = sourcecode.swift; path = OnboardSalaryViewController.swift; sourceTree = "<group>"; };
		05A283AB27AB497C000BDC58 /* UserDefaultsManager.swift */ = {isa = PBXFileReference; lastKnownFileType = sourcecode.swift; path = UserDefaultsManager.swift; sourceTree = "<group>"; };
		05A283AE27AB4D11000BDC58 /* String+.swift */ = {isa = PBXFileReference; lastKnownFileType = sourcecode.swift; path = "String+.swift"; sourceTree = "<group>"; };
		05A283B027AB4D97000BDC58 /* UINavigationController+.swift */ = {isa = PBXFileReference; lastKnownFileType = sourcecode.swift; path = "UINavigationController+.swift"; sourceTree = "<group>"; };
		05A283B327AB4DCD000BDC58 /* BaseViewController.swift */ = {isa = PBXFileReference; lastKnownFileType = sourcecode.swift; path = BaseViewController.swift; sourceTree = "<group>"; };
		05A283B527AB4E10000BDC58 /* LoadingView.swift */ = {isa = PBXFileReference; lastKnownFileType = sourcecode.swift; path = LoadingView.swift; sourceTree = "<group>"; };
		05A283BE27AB5020000BDC58 /* OnboardSalaryViewModel.swift */ = {isa = PBXFileReference; lastKnownFileType = sourcecode.swift; path = OnboardSalaryViewModel.swift; sourceTree = "<group>"; };
		05A283C127AB520E000BDC58 /* UserDefaultsKey.swift */ = {isa = PBXFileReference; lastKnownFileType = sourcecode.swift; path = UserDefaultsKey.swift; sourceTree = "<group>"; };
		05A283C627AB5E37000BDC58 /* Home.storyboard */ = {isa = PBXFileReference; lastKnownFileType = file.storyboard; path = Home.storyboard; sourceTree = "<group>"; };
		05A283C827AB5E5B000BDC58 /* HomeViewController.swift */ = {isa = PBXFileReference; lastKnownFileType = sourcecode.swift; path = HomeViewController.swift; sourceTree = "<group>"; };
		05A283CD27AB6D46000BDC58 /* BaseCoordinator.swift */ = {isa = PBXFileReference; lastKnownFileType = sourcecode.swift; path = BaseCoordinator.swift; sourceTree = "<group>"; };
		05A283CF27AB7273000BDC58 /* DoubtModel.swift */ = {isa = PBXFileReference; lastKnownFileType = sourcecode.swift; path = DoubtModel.swift; sourceTree = "<group>"; };
		05A283D127AB72C2000BDC58 /* DoubtCategoryModel.swift */ = {isa = PBXFileReference; lastKnownFileType = sourcecode.swift; path = DoubtCategoryModel.swift; sourceTree = "<group>"; };
		05A283D327AB7361000BDC58 /* CredidCardModel.swift */ = {isa = PBXFileReference; lastKnownFileType = sourcecode.swift; path = CredidCardModel.swift; sourceTree = "<group>"; };
		05A283DB27AB7487000BDC58 /* CreditCardList.storyboard */ = {isa = PBXFileReference; lastKnownFileType = file.storyboard; path = CreditCardList.storyboard; sourceTree = "<group>"; };
		05A283DD27AB74B0000BDC58 /* RegisterCreditCard.storyboard */ = {isa = PBXFileReference; lastKnownFileType = file.storyboard; path = RegisterCreditCard.storyboard; sourceTree = "<group>"; };
		05A283DF27AB74BE000BDC58 /* RegisterCreditCardViewController.swift */ = {isa = PBXFileReference; lastKnownFileType = sourcecode.swift; path = RegisterCreditCardViewController.swift; sourceTree = "<group>"; };
		05A283E127AB793C000BDC58 /* RegisterCreditCardCoordinator.swift */ = {isa = PBXFileReference; lastKnownFileType = sourcecode.swift; path = RegisterCreditCardCoordinator.swift; sourceTree = "<group>"; };
		05A283E427AB7E19000BDC58 /* RegisterCreditCardViewModel.swift */ = {isa = PBXFileReference; lastKnownFileType = sourcecode.swift; path = RegisterCreditCardViewModel.swift; sourceTree = "<group>"; };
		05CDD0D427ADEF76006FD03D /* SalaryModel.swift */ = {isa = PBXFileReference; lastKnownFileType = sourcecode.swift; path = SalaryModel.swift; sourceTree = "<group>"; };
/* End PBXFileReference section */

/* Begin PBXFrameworksBuildPhase section */
		05A2838827AB4234000BDC58 /* Frameworks */ = {
			isa = PBXFrameworksBuildPhase;
			buildActionMask = 2147483647;
			files = (
			);
			runOnlyForDeploymentPostprocessing = 0;
		};
/* End PBXFrameworksBuildPhase section */

/* Begin PBXGroup section */
		053835F927AEF0C80003ED70 /* ViewModel */ = {
			isa = PBXGroup;
			children = (
				053835FA27AEF12B0003ED70 /* HomeViewModel.swift */,
			);
			path = ViewModel;
			sourceTree = "<group>";
		};
		053835FE27B082200003ED70 /* ValueInAccount */ = {
			isa = PBXGroup;
			children = (
				0538360327B082800003ED70 /* ViewController */,
				0538360227B082760003ED70 /* ViewModel */,
				053835FF27B0822F0003ED70 /* Storyboard */,
			);
			path = ValueInAccount;
			sourceTree = "<group>";
		};
		053835FF27B0822F0003ED70 /* Storyboard */ = {
			isa = PBXGroup;
			children = (
				0538360027B082490003ED70 /* ValueInAccount.storyboard */,
			);
			path = Storyboard;
			sourceTree = "<group>";
		};
		0538360227B082760003ED70 /* ViewModel */ = {
			isa = PBXGroup;
			children = (
				0538360627B0835A0003ED70 /* ValueInAccountViewModel.swift */,
			);
			path = ViewModel;
			sourceTree = "<group>";
		};
		0538360327B082800003ED70 /* ViewController */ = {
			isa = PBXGroup;
			children = (
				0538360427B0828C0003ED70 /* ValueInAccountViewController.swift */,
			);
			path = ViewController;
			sourceTree = "<group>";
		};
		05A2838227AB4234000BDC58 = {
			isa = PBXGroup;
			children = (
				05A2838D27AB4234000BDC58 /* SeguraGrana */,
				05A2838C27AB4234000BDC58 /* Products */,
			);
			sourceTree = "<group>";
		};
		05A2838C27AB4234000BDC58 /* Products */ = {
			isa = PBXGroup;
			children = (
				05A2838B27AB4234000BDC58 /* SeguraGrana.app */,
			);
			name = Products;
			sourceTree = "<group>";
		};
		05A2838D27AB4234000BDC58 /* SeguraGrana */ = {
			isa = PBXGroup;
			children = (
				05A283A327AB4252000BDC58 /* Resource */,
				05A283A227AB4248000BDC58 /* Source */,
				05A2838E27AB4234000BDC58 /* AppDelegate.swift */,
			);
			path = SeguraGrana;
			sourceTree = "<group>";
		};
		05A283A227AB4248000BDC58 /* Source */ = {
			isa = PBXGroup;
			children = (
				05A283B227AB4DC1000BDC58 /* Commons */,
				05A283AA27AB4697000BDC58 /* Manager */,
				05A283A427AB428A000BDC58 /* Feature */,
			);
			path = Source;
			sourceTree = "<group>";
		};
		05A283A327AB4252000BDC58 /* Resource */ = {
			isa = PBXGroup;
			children = (
				05A2839C27AB4237000BDC58 /* Info.plist */,
				05A2839727AB4237000BDC58 /* Assets.xcassets */,
				05A2839927AB4237000BDC58 /* LaunchScreen.storyboard */,
			);
			path = Resource;
			sourceTree = "<group>";
		};
		05A283A427AB428A000BDC58 /* Feature */ = {
			isa = PBXGroup;
			children = (
				053835FE27B082200003ED70 /* ValueInAccount */,
				05A283B727AB4EB2000BDC58 /* Salary */,
				05A283D927AB7472000BDC58 /* CreditCardList */,
				05A283D527AB73FF000BDC58 /* RegisterCreditCard */,
				05A283C327AB5E16000BDC58 /* Home */,
			);
			path = Feature;
			sourceTree = "<group>";
		};
		05A283AA27AB4697000BDC58 /* Manager */ = {
			isa = PBXGroup;
			children = (
				05A283AB27AB497C000BDC58 /* UserDefaultsManager.swift */,
			);
			path = Manager;
			sourceTree = "<group>";
		};
		05A283AD27AB4D04000BDC58 /* Extensions */ = {
			isa = PBXGroup;
			children = (
				05A283AE27AB4D11000BDC58 /* String+.swift */,
				05A283B027AB4D97000BDC58 /* UINavigationController+.swift */,
				053835FC27B019050003ED70 /* Date+.swift */,
			);
			path = Extensions;
			sourceTree = "<group>";
		};
		05A283B227AB4DC1000BDC58 /* Commons */ = {
			isa = PBXGroup;
			children = (
				05A283CC27AB6D21000BDC58 /* Model */,
				05A283C027AB5201000BDC58 /* Enums */,
				05A283AD27AB4D04000BDC58 /* Extensions */,
				05A283B927AB4F4A000BDC58 /* Coordinator */,
				05A283B827AB4F41000BDC58 /* View */,
			);
			path = Commons;
			sourceTree = "<group>";
		};
		05A283B727AB4EB2000BDC58 /* Salary */ = {
			isa = PBXGroup;
			children = (
				05A283BD27AB5010000BDC58 /* ViewModel */,
				05A283BC27AB5004000BDC58 /* ViewController */,
				05A283BB27AB4FFC000BDC58 /* Storyboard */,
			);
			path = Salary;
			sourceTree = "<group>";
		};
		05A283B827AB4F41000BDC58 /* View */ = {
			isa = PBXGroup;
			children = (
				05A283B327AB4DCD000BDC58 /* BaseViewController.swift */,
				05A283B527AB4E10000BDC58 /* LoadingView.swift */,
				053835F727AE2FAD0003ED70 /* BaseNavigationController.swift */,
			);
			path = View;
			sourceTree = "<group>";
		};
		05A283B927AB4F4A000BDC58 /* Coordinator */ = {
			isa = PBXGroup;
			children = (
				05A283CD27AB6D46000BDC58 /* BaseCoordinator.swift */,
				05A283E127AB793C000BDC58 /* RegisterCreditCardCoordinator.swift */,
				0538360827B083F60003ED70 /* ValueInAccountCoordinator.swift */,
				0538360A27B084820003ED70 /* HomeCoordinator.swift */,
			);
			path = Coordinator;
			sourceTree = "<group>";
		};
		05A283BB27AB4FFC000BDC58 /* Storyboard */ = {
			isa = PBXGroup;
			children = (
				05A283A627AB42B2000BDC58 /* OnboardSalary.storyboard */,
			);
			path = Storyboard;
			sourceTree = "<group>";
		};
		05A283BC27AB5004000BDC58 /* ViewController */ = {
			isa = PBXGroup;
			children = (
				05A283A827AB4649000BDC58 /* OnboardSalaryViewController.swift */,
			);
			path = ViewController;
			sourceTree = "<group>";
		};
		05A283BD27AB5010000BDC58 /* ViewModel */ = {
			isa = PBXGroup;
			children = (
				05A283BE27AB5020000BDC58 /* OnboardSalaryViewModel.swift */,
			);
			path = ViewModel;
			sourceTree = "<group>";
		};
		05A283C027AB5201000BDC58 /* Enums */ = {
			isa = PBXGroup;
			children = (
				05A283C127AB520E000BDC58 /* UserDefaultsKey.swift */,
			);
			path = Enums;
			sourceTree = "<group>";
		};
		05A283C327AB5E16000BDC58 /* Home */ = {
			isa = PBXGroup;
			children = (
				053835F927AEF0C80003ED70 /* ViewModel */,
				05A283C527AB5E2C000BDC58 /* Storyboard */,
				05A283C427AB5E1C000BDC58 /* ViewController */,
			);
			path = Home;
			sourceTree = "<group>";
		};
		05A283C427AB5E1C000BDC58 /* ViewController */ = {
			isa = PBXGroup;
			children = (
				05A283C827AB5E5B000BDC58 /* HomeViewController.swift */,
			);
			path = ViewController;
			sourceTree = "<group>";
		};
		05A283C527AB5E2C000BDC58 /* Storyboard */ = {
			isa = PBXGroup;
			children = (
				05A283C627AB5E37000BDC58 /* Home.storyboard */,
			);
			path = Storyboard;
			sourceTree = "<group>";
		};
		05A283CC27AB6D21000BDC58 /* Model */ = {
			isa = PBXGroup;
			children = (
				05A283CF27AB7273000BDC58 /* DoubtModel.swift */,
				05A283D127AB72C2000BDC58 /* DoubtCategoryModel.swift */,
				05A283D327AB7361000BDC58 /* CredidCardModel.swift */,
				05CDD0D427ADEF76006FD03D /* SalaryModel.swift */,
			);
			path = Model;
			sourceTree = "<group>";
		};
		05A283D527AB73FF000BDC58 /* RegisterCreditCard */ = {
			isa = PBXGroup;
			children = (
				05A283D827AB7424000BDC58 /* Storyboard */,
				05A283D727AB741D000BDC58 /* ViewController */,
				05A283D627AB7417000BDC58 /* ViewModel */,
			);
			path = RegisterCreditCard;
			sourceTree = "<group>";
		};
		05A283D627AB7417000BDC58 /* ViewModel */ = {
			isa = PBXGroup;
			children = (
				05A283E427AB7E19000BDC58 /* RegisterCreditCardViewModel.swift */,
			);
			path = ViewModel;
			sourceTree = "<group>";
		};
		05A283D727AB741D000BDC58 /* ViewController */ = {
			isa = PBXGroup;
			children = (
				05A283DF27AB74BE000BDC58 /* RegisterCreditCardViewController.swift */,
			);
			path = ViewController;
			sourceTree = "<group>";
		};
		05A283D827AB7424000BDC58 /* Storyboard */ = {
			isa = PBXGroup;
			children = (
				05A283DD27AB74B0000BDC58 /* RegisterCreditCard.storyboard */,
			);
			path = Storyboard;
			sourceTree = "<group>";
		};
		05A283D927AB7472000BDC58 /* CreditCardList */ = {
			isa = PBXGroup;
			children = (
				05A283DA27AB747A000BDC58 /* Storyboard */,
			);
			path = CreditCardList;
			sourceTree = "<group>";
		};
		05A283DA27AB747A000BDC58 /* Storyboard */ = {
			isa = PBXGroup;
			children = (
				05A283DB27AB7487000BDC58 /* CreditCardList.storyboard */,
			);
			path = Storyboard;
			sourceTree = "<group>";
		};
/* End PBXGroup section */

/* Begin PBXNativeTarget section */
		05A2838A27AB4234000BDC58 /* SeguraGrana */ = {
			isa = PBXNativeTarget;
			buildConfigurationList = 05A2839F27AB4237000BDC58 /* Build configuration list for PBXNativeTarget "SeguraGrana" */;
			buildPhases = (
				05A2838727AB4234000BDC58 /* Sources */,
				05A2838827AB4234000BDC58 /* Frameworks */,
				05A2838927AB4234000BDC58 /* Resources */,
			);
			buildRules = (
			);
			dependencies = (
			);
			name = SeguraGrana;
			productName = SeguraGrana;
			productReference = 05A2838B27AB4234000BDC58 /* SeguraGrana.app */;
			productType = "com.apple.product-type.application";
		};
/* End PBXNativeTarget section */

/* Begin PBXProject section */
		05A2838327AB4234000BDC58 /* Project object */ = {
			isa = PBXProject;
			attributes = {
				BuildIndependentTargetsInParallel = 1;
				LastSwiftUpdateCheck = 1300;
				LastUpgradeCheck = 1300;
				TargetAttributes = {
					05A2838A27AB4234000BDC58 = {
						CreatedOnToolsVersion = 13.0;
					};
				};
			};
			buildConfigurationList = 05A2838627AB4234000BDC58 /* Build configuration list for PBXProject "SeguraGrana" */;
			compatibilityVersion = "Xcode 13.0";
			developmentRegion = en;
			hasScannedForEncodings = 0;
			knownRegions = (
				en,
				Base,
			);
			mainGroup = 05A2838227AB4234000BDC58;
			productRefGroup = 05A2838C27AB4234000BDC58 /* Products */;
			projectDirPath = "";
			projectRoot = "";
			targets = (
				05A2838A27AB4234000BDC58 /* SeguraGrana */,
			);
		};
/* End PBXProject section */

/* Begin PBXResourcesBuildPhase section */
		05A2838927AB4234000BDC58 /* Resources */ = {
			isa = PBXResourcesBuildPhase;
			buildActionMask = 2147483647;
			files = (
				05A283DC27AB7487000BDC58 /* CreditCardList.storyboard in Resources */,
				05A283A727AB42B2000BDC58 /* OnboardSalary.storyboard in Resources */,
				05A283DE27AB74B0000BDC58 /* RegisterCreditCard.storyboard in Resources */,
				05A2839B27AB4237000BDC58 /* LaunchScreen.storyboard in Resources */,
				05A2839827AB4237000BDC58 /* Assets.xcassets in Resources */,
				0538360127B082490003ED70 /* ValueInAccount.storyboard in Resources */,
				05A283C727AB5E37000BDC58 /* Home.storyboard in Resources */,
			);
			runOnlyForDeploymentPostprocessing = 0;
		};
/* End PBXResourcesBuildPhase section */

/* Begin PBXSourcesBuildPhase section */
		05A2838727AB4234000BDC58 /* Sources */ = {
			isa = PBXSourcesBuildPhase;
			buildActionMask = 2147483647;
			files = (
				0538360527B0828C0003ED70 /* ValueInAccountViewController.swift in Sources */,
				053835FD27B019050003ED70 /* Date+.swift in Sources */,
				05A283A927AB4649000BDC58 /* OnboardSalaryViewController.swift in Sources */,
				0538360727B0835A0003ED70 /* ValueInAccountViewModel.swift in Sources */,
				05A283B127AB4D97000BDC58 /* UINavigationController+.swift in Sources */,
				05A283E527AB7E19000BDC58 /* RegisterCreditCardViewModel.swift in Sources */,
				053835FB27AEF12B0003ED70 /* HomeViewModel.swift in Sources */,
				0538360B27B084820003ED70 /* HomeCoordinator.swift in Sources */,
				05A283E027AB74BE000BDC58 /* RegisterCreditCardViewController.swift in Sources */,
				05A2838F27AB4234000BDC58 /* AppDelegate.swift in Sources */,
				05A283AF27AB4D11000BDC58 /* String+.swift in Sources */,
				053835F827AE2FAD0003ED70 /* BaseNavigationController.swift in Sources */,
				05A283D427AB7361000BDC58 /* CredidCardModel.swift in Sources */,
				05CDD0D527ADEF76006FD03D /* SalaryModel.swift in Sources */,
				05A283C227AB520E000BDC58 /* UserDefaultsKey.swift in Sources */,
				05A283C927AB5E5B000BDC58 /* HomeViewController.swift in Sources */,
				0538360927B083F60003ED70 /* ValueInAccountCoordinator.swift in Sources */,
				05A283D027AB7273000BDC58 /* DoubtModel.swift in Sources */,
				05A283BF27AB5020000BDC58 /* OnboardSalaryViewModel.swift in Sources */,
				05A283AC27AB497C000BDC58 /* UserDefaultsManager.swift in Sources */,
				05A283D227AB72C2000BDC58 /* DoubtCategoryModel.swift in Sources */,
				05A283E227AB793C000BDC58 /* RegisterCreditCardCoordinator.swift in Sources */,
				05A283B627AB4E10000BDC58 /* LoadingView.swift in Sources */,
				05A283CE27AB6D46000BDC58 /* BaseCoordinator.swift in Sources */,
				05A283B427AB4DCD000BDC58 /* BaseViewController.swift in Sources */,
			);
			runOnlyForDeploymentPostprocessing = 0;
		};
/* End PBXSourcesBuildPhase section */

/* Begin PBXVariantGroup section */
		05A2839927AB4237000BDC58 /* LaunchScreen.storyboard */ = {
			isa = PBXVariantGroup;
			children = (
				05A2839A27AB4237000BDC58 /* Base */,
			);
			name = LaunchScreen.storyboard;
			sourceTree = "<group>";
		};
/* End PBXVariantGroup section */

/* Begin XCBuildConfiguration section */
		05A2839D27AB4237000BDC58 /* Debug */ = {
			isa = XCBuildConfiguration;
			buildSettings = {
				ALWAYS_SEARCH_USER_PATHS = NO;
				CLANG_ANALYZER_NONNULL = YES;
				CLANG_ANALYZER_NUMBER_OBJECT_CONVERSION = YES_AGGRESSIVE;
				CLANG_CXX_LANGUAGE_STANDARD = "gnu++17";
				CLANG_CXX_LIBRARY = "libc++";
				CLANG_ENABLE_MODULES = YES;
				CLANG_ENABLE_OBJC_ARC = YES;
				CLANG_ENABLE_OBJC_WEAK = YES;
				CLANG_WARN_BLOCK_CAPTURE_AUTORELEASING = YES;
				CLANG_WARN_BOOL_CONVERSION = YES;
				CLANG_WARN_COMMA = YES;
				CLANG_WARN_CONSTANT_CONVERSION = YES;
				CLANG_WARN_DEPRECATED_OBJC_IMPLEMENTATIONS = YES;
				CLANG_WARN_DIRECT_OBJC_ISA_USAGE = YES_ERROR;
				CLANG_WARN_DOCUMENTATION_COMMENTS = YES;
				CLANG_WARN_EMPTY_BODY = YES;
				CLANG_WARN_ENUM_CONVERSION = YES;
				CLANG_WARN_INFINITE_RECURSION = YES;
				CLANG_WARN_INT_CONVERSION = YES;
				CLANG_WARN_NON_LITERAL_NULL_CONVERSION = YES;
				CLANG_WARN_OBJC_IMPLICIT_RETAIN_SELF = YES;
				CLANG_WARN_OBJC_LITERAL_CONVERSION = YES;
				CLANG_WARN_OBJC_ROOT_CLASS = YES_ERROR;
				CLANG_WARN_QUOTED_INCLUDE_IN_FRAMEWORK_HEADER = YES;
				CLANG_WARN_RANGE_LOOP_ANALYSIS = YES;
				CLANG_WARN_STRICT_PROTOTYPES = YES;
				CLANG_WARN_SUSPICIOUS_MOVE = YES;
				CLANG_WARN_UNGUARDED_AVAILABILITY = YES_AGGRESSIVE;
				CLANG_WARN_UNREACHABLE_CODE = YES;
				CLANG_WARN__DUPLICATE_METHOD_MATCH = YES;
				COPY_PHASE_STRIP = NO;
				DEBUG_INFORMATION_FORMAT = dwarf;
				ENABLE_STRICT_OBJC_MSGSEND = YES;
				ENABLE_TESTABILITY = YES;
				GCC_C_LANGUAGE_STANDARD = gnu11;
				GCC_DYNAMIC_NO_PIC = NO;
				GCC_NO_COMMON_BLOCKS = YES;
				GCC_OPTIMIZATION_LEVEL = 0;
				GCC_PREPROCESSOR_DEFINITIONS = (
					"DEBUG=1",
					"$(inherited)",
				);
				GCC_WARN_64_TO_32_BIT_CONVERSION = YES;
				GCC_WARN_ABOUT_RETURN_TYPE = YES_ERROR;
				GCC_WARN_UNDECLARED_SELECTOR = YES;
				GCC_WARN_UNINITIALIZED_AUTOS = YES_AGGRESSIVE;
				GCC_WARN_UNUSED_FUNCTION = YES;
				GCC_WARN_UNUSED_VARIABLE = YES;
				IPHONEOS_DEPLOYMENT_TARGET = 15.0;
				MTL_ENABLE_DEBUG_INFO = INCLUDE_SOURCE;
				MTL_FAST_MATH = YES;
				ONLY_ACTIVE_ARCH = YES;
				SDKROOT = iphoneos;
				SWIFT_ACTIVE_COMPILATION_CONDITIONS = DEBUG;
				SWIFT_OPTIMIZATION_LEVEL = "-Onone";
			};
			name = Debug;
		};
		05A2839E27AB4237000BDC58 /* Release */ = {
			isa = XCBuildConfiguration;
			buildSettings = {
				ALWAYS_SEARCH_USER_PATHS = NO;
				CLANG_ANALYZER_NONNULL = YES;
				CLANG_ANALYZER_NUMBER_OBJECT_CONVERSION = YES_AGGRESSIVE;
				CLANG_CXX_LANGUAGE_STANDARD = "gnu++17";
				CLANG_CXX_LIBRARY = "libc++";
				CLANG_ENABLE_MODULES = YES;
				CLANG_ENABLE_OBJC_ARC = YES;
				CLANG_ENABLE_OBJC_WEAK = YES;
				CLANG_WARN_BLOCK_CAPTURE_AUTORELEASING = YES;
				CLANG_WARN_BOOL_CONVERSION = YES;
				CLANG_WARN_COMMA = YES;
				CLANG_WARN_CONSTANT_CONVERSION = YES;
				CLANG_WARN_DEPRECATED_OBJC_IMPLEMENTATIONS = YES;
				CLANG_WARN_DIRECT_OBJC_ISA_USAGE = YES_ERROR;
				CLANG_WARN_DOCUMENTATION_COMMENTS = YES;
				CLANG_WARN_EMPTY_BODY = YES;
				CLANG_WARN_ENUM_CONVERSION = YES;
				CLANG_WARN_INFINITE_RECURSION = YES;
				CLANG_WARN_INT_CONVERSION = YES;
				CLANG_WARN_NON_LITERAL_NULL_CONVERSION = YES;
				CLANG_WARN_OBJC_IMPLICIT_RETAIN_SELF = YES;
				CLANG_WARN_OBJC_LITERAL_CONVERSION = YES;
				CLANG_WARN_OBJC_ROOT_CLASS = YES_ERROR;
				CLANG_WARN_QUOTED_INCLUDE_IN_FRAMEWORK_HEADER = YES;
				CLANG_WARN_RANGE_LOOP_ANALYSIS = YES;
				CLANG_WARN_STRICT_PROTOTYPES = YES;
				CLANG_WARN_SUSPICIOUS_MOVE = YES;
				CLANG_WARN_UNGUARDED_AVAILABILITY = YES_AGGRESSIVE;
				CLANG_WARN_UNREACHABLE_CODE = YES;
				CLANG_WARN__DUPLICATE_METHOD_MATCH = YES;
				COPY_PHASE_STRIP = NO;
				DEBUG_INFORMATION_FORMAT = "dwarf-with-dsym";
				ENABLE_NS_ASSERTIONS = NO;
				ENABLE_STRICT_OBJC_MSGSEND = YES;
				GCC_C_LANGUAGE_STANDARD = gnu11;
				GCC_NO_COMMON_BLOCKS = YES;
				GCC_WARN_64_TO_32_BIT_CONVERSION = YES;
				GCC_WARN_ABOUT_RETURN_TYPE = YES_ERROR;
				GCC_WARN_UNDECLARED_SELECTOR = YES;
				GCC_WARN_UNINITIALIZED_AUTOS = YES_AGGRESSIVE;
				GCC_WARN_UNUSED_FUNCTION = YES;
				GCC_WARN_UNUSED_VARIABLE = YES;
				IPHONEOS_DEPLOYMENT_TARGET = 15.0;
				MTL_ENABLE_DEBUG_INFO = NO;
				MTL_FAST_MATH = YES;
				SDKROOT = iphoneos;
				SWIFT_COMPILATION_MODE = wholemodule;
				SWIFT_OPTIMIZATION_LEVEL = "-O";
				VALIDATE_PRODUCT = YES;
			};
			name = Release;
		};
		05A283A027AB4237000BDC58 /* Debug */ = {
			isa = XCBuildConfiguration;
			buildSettings = {
				ASSETCATALOG_COMPILER_APPICON_NAME = AppIcon;
				ASSETCATALOG_COMPILER_GLOBAL_ACCENT_COLOR_NAME = AccentColor;
				CODE_SIGN_STYLE = Automatic;
				CURRENT_PROJECT_VERSION = 1;
				DEVELOPMENT_TEAM = 67ALGZ83W8;
				GENERATE_INFOPLIST_FILE = YES;
				INFOPLIST_FILE = SeguraGrana/Info.plist;
				INFOPLIST_KEY_UIApplicationSupportsIndirectInputEvents = YES;
				INFOPLIST_KEY_UILaunchStoryboardName = LaunchScreen;
				INFOPLIST_KEY_UIMainStoryboardFile = OnboardSalary;
				INFOPLIST_KEY_UIStatusBarHidden = YES;
				INFOPLIST_KEY_UISupportedInterfaceOrientations = UIInterfaceOrientationPortrait;
				INFOPLIST_KEY_UISupportedInterfaceOrientations_iPad = "UIInterfaceOrientationPortrait UIInterfaceOrientationPortraitUpsideDown UIInterfaceOrientationLandscapeLeft UIInterfaceOrientationLandscapeRight";
				INFOPLIST_KEY_UISupportedInterfaceOrientations_iPhone = "UIInterfaceOrientationPortrait UIInterfaceOrientationLandscapeLeft UIInterfaceOrientationLandscapeRight";
				LD_RUNPATH_SEARCH_PATHS = (
					"$(inherited)",
					"@executable_path/Frameworks",
				);
				MARKETING_VERSION = 1.0;
				PRODUCT_BUNDLE_IDENTIFIER = com.gasoule.SeguraGrana;
				PRODUCT_NAME = "$(TARGET_NAME)";
				SWIFT_EMIT_LOC_STRINGS = YES;
				SWIFT_VERSION = 5.0;
				TARGETED_DEVICE_FAMILY = 1;
			};
			name = Debug;
		};
		05A283A127AB4237000BDC58 /* Release */ = {
			isa = XCBuildConfiguration;
			buildSettings = {
				ASSETCATALOG_COMPILER_APPICON_NAME = AppIcon;
				ASSETCATALOG_COMPILER_GLOBAL_ACCENT_COLOR_NAME = AccentColor;
				CODE_SIGN_STYLE = Automatic;
				CURRENT_PROJECT_VERSION = 1;
				DEVELOPMENT_TEAM = 67ALGZ83W8;
				GENERATE_INFOPLIST_FILE = YES;
				INFOPLIST_FILE = SeguraGrana/Info.plist;
				INFOPLIST_KEY_UIApplicationSupportsIndirectInputEvents = YES;
				INFOPLIST_KEY_UILaunchStoryboardName = LaunchScreen;
				INFOPLIST_KEY_UIMainStoryboardFile = OnboardSalary;
				INFOPLIST_KEY_UIStatusBarHidden = YES;
				INFOPLIST_KEY_UISupportedInterfaceOrientations = UIInterfaceOrientationPortrait;
				INFOPLIST_KEY_UISupportedInterfaceOrientations_iPad = "UIInterfaceOrientationPortrait UIInterfaceOrientationPortraitUpsideDown UIInterfaceOrientationLandscapeLeft UIInterfaceOrientationLandscapeRight";
				INFOPLIST_KEY_UISupportedInterfaceOrientations_iPhone = "UIInterfaceOrientationPortrait UIInterfaceOrientationLandscapeLeft UIInterfaceOrientationLandscapeRight";
				LD_RUNPATH_SEARCH_PATHS = (
					"$(inherited)",
					"@executable_path/Frameworks",
				);
				MARKETING_VERSION = 1.0;
				PRODUCT_BUNDLE_IDENTIFIER = com.gasoule.SeguraGrana;
				PRODUCT_NAME = "$(TARGET_NAME)";
				SWIFT_EMIT_LOC_STRINGS = YES;
				SWIFT_VERSION = 5.0;
				TARGETED_DEVICE_FAMILY = 1;
			};
			name = Release;
		};
/* End XCBuildConfiguration section */

/* Begin XCConfigurationList section */
		05A2838627AB4234000BDC58 /* Build configuration list for PBXProject "SeguraGrana" */ = {
			isa = XCConfigurationList;
			buildConfigurations = (
				05A2839D27AB4237000BDC58 /* Debug */,
				05A2839E27AB4237000BDC58 /* Release */,
			);
			defaultConfigurationIsVisible = 0;
			defaultConfigurationName = Release;
		};
		05A2839F27AB4237000BDC58 /* Build configuration list for PBXNativeTarget "SeguraGrana" */ = {
			isa = XCConfigurationList;
			buildConfigurations = (
				05A283A027AB4237000BDC58 /* Debug */,
				05A283A127AB4237000BDC58 /* Release */,
			);
			defaultConfigurationIsVisible = 0;
			defaultConfigurationName = Release;
		};
/* End XCConfigurationList section */
	};
	rootObject = 05A2838327AB4234000BDC58 /* Project object */;
}
